{
  "version": 4,
  "terraform_version": "1.0.2",
  "serial": 200,
  "lineage": "dacaa17e-2b22-2cba-87db-f19a4e14d807",
  "outputs": {
    "ip": {
      "value": "192.168.122.173",
      "type": "string"
    },
    "url": {
      "value": "http://192.168.122.173",
      "type": "string"
    }
  },
  "resources": [
    {
      "mode": "data",
      "type": "template_file",
      "name": "network_config",
      "provider": "provider[\"registry.terraform.io/hashicorp/template\"]",
      "instances": [
        {
          "schema_version": 0,
          "attributes": {
            "filename": null,
            "id": "b36a1372ce4ea68b514354202c26c0365df9a17f25cd5acdeeaea525cd913edc",
            "rendered": "version: 2\nethernets:\n  ens3:\n    dhcp4: true\n",
            "template": "version: 2\nethernets:\n  ens3:\n    dhcp4: true\n",
            "vars": null
          },
          "sensitive_attributes": []
        }
      ]
    },
    {
      "mode": "data",
      "type": "template_file",
      "name": "user_data",
      "provider": "provider[\"registry.terraform.io/hashicorp/template\"]",
      "instances": [
        {
          "schema_version": 0,
          "attributes": {
            "filename": null,
            "id": "251648e918c8bde5504d2893939d31fccaa7bc72fa6fdeb1631b937ecdb7fea1",
            "rendered": "#cloud-config\n# vim: syntax=yaml\n# examples:\n# https://cloudinit.readthedocs.io/en/latest/topics/examples.html\nbootcmd:\n  - echo 192.168.0.1 gw.homedns.xyz \u003e\u003e /etc/hosts\nruncmd:\n - [ ls, -l, / ]\n - [ sh, -xc, \"echo $(date) ': hello world!'\" ]\nssh_pwauth: true\ndisable_root: false\nchpasswd:\n  list: |\n     root:password\n  expire: false\nusers:\n  - name: cloud-user\n    sudo: ALL=(ALL) NOPASSWD:ALL\n    groups: users, admin\n    home: /home/cloud-user\n    shell: /bin/bash\n    lock_passwd: false\n    ssh-authorized-keys:\n      - ssh-rsa AAAAB3NzaC1yc2EAAAADAQABAAABgQCqcOOjgs0Gqpkqtcnmvp7dgxicxi3qHX6Fz/3RDzREQFwCt0HumDs9I5D0Bx0NIGqcW78bHjsn1l9OFqIahD4SF9vNYya3chG4oR1NTDCHwVyLq9eaODmGF915BXensi/jW2qKQInCG8t2d+LyoE0xNq09TH2Hhkms+PmPIK3Nm7iP/0U7XqaiUx8sZmn/NciVeBDfjAICRTM6etYweSExd+yB5HJddd62kpexg4mLCzF1oaQScrD+V2rSxYyYU6dDBKQgkUYnrXFtYMaPZkw5YntFDCTVo4rRPF/bOjL6KBDmIWjKA7aFE/0FQ0KlW/88OKp8cW6QMCTADbzQza8GgX8fvFjWC5ufJ9z/K0v5vnigUGbueRfUmAjZP5BQPOXX40/2VycTnIcMpcifGuq3ZuqFMOvEcHscEDba+odHfb0aZrks9zoQBbFndUIZQjLigK7u5p1StNONKNaFTK1Q3AT+jRZqiSOdW5sUaXME66kkLDc4otXFZnwdjDG3rgE= jho@massmaster\nfinal_message: \"The system is finally up, after $UPTIME seconds\"",
            "template": "#cloud-config\n# vim: syntax=yaml\n# examples:\n# https://cloudinit.readthedocs.io/en/latest/topics/examples.html\nbootcmd:\n  - echo 192.168.0.1 gw.homedns.xyz \u003e\u003e /etc/hosts\nruncmd:\n - [ ls, -l, / ]\n - [ sh, -xc, \"echo $(date) ': hello world!'\" ]\nssh_pwauth: true\ndisable_root: false\nchpasswd:\n  list: |\n     root:password\n  expire: false\nusers:\n  - name: cloud-user\n    sudo: ALL=(ALL) NOPASSWD:ALL\n    groups: users, admin\n    home: /home/cloud-user\n    shell: /bin/bash\n    lock_passwd: false\n    ssh-authorized-keys:\n      - ssh-rsa AAAAB3NzaC1yc2EAAAADAQABAAABgQCqcOOjgs0Gqpkqtcnmvp7dgxicxi3qHX6Fz/3RDzREQFwCt0HumDs9I5D0Bx0NIGqcW78bHjsn1l9OFqIahD4SF9vNYya3chG4oR1NTDCHwVyLq9eaODmGF915BXensi/jW2qKQInCG8t2d+LyoE0xNq09TH2Hhkms+PmPIK3Nm7iP/0U7XqaiUx8sZmn/NciVeBDfjAICRTM6etYweSExd+yB5HJddd62kpexg4mLCzF1oaQScrD+V2rSxYyYU6dDBKQgkUYnrXFtYMaPZkw5YntFDCTVo4rRPF/bOjL6KBDmIWjKA7aFE/0FQ0KlW/88OKp8cW6QMCTADbzQza8GgX8fvFjWC5ufJ9z/K0v5vnigUGbueRfUmAjZP5BQPOXX40/2VycTnIcMpcifGuq3ZuqFMOvEcHscEDba+odHfb0aZrks9zoQBbFndUIZQjLigK7u5p1StNONKNaFTK1Q3AT+jRZqiSOdW5sUaXME66kkLDc4otXFZnwdjDG3rgE= jho@massmaster\nfinal_message: \"The system is finally up, after $UPTIME seconds\"",
            "vars": null
          },
          "sensitive_attributes": []
        }
      ]
    },
    {
      "mode": "managed",
      "type": "libvirt_cloudinit_disk",
      "name": "commoninit",
      "provider": "provider[\"registry.terraform.io/dmacvicar/libvirt\"]",
      "instances": [
        {
          "schema_version": 0,
          "attributes": {
            "id": "/opt/kvm/pool1/commoninit.iso;1830a51a-53b7-48ed-931f-99967e47d95a",
            "meta_data": "",
            "name": "commoninit.iso",
            "network_config": "version: 2\nethernets:\n  ens3:\n    dhcp4: true\n",
            "pool": "centos",
            "user_data": "#cloud-config\n# vim: syntax=yaml\n# examples:\n# https://cloudinit.readthedocs.io/en/latest/topics/examples.html\nbootcmd:\n  - echo 192.168.0.1 gw.homedns.xyz \u003e\u003e /etc/hosts\nruncmd:\n - [ ls, -l, / ]\n - [ sh, -xc, \"echo $(date) ': hello world!'\" ]\nssh_pwauth: true\ndisable_root: false\nchpasswd:\n  list: |\n     root:password\n  expire: false\nusers:\n  - name: cloud-user\n    sudo: ALL=(ALL) NOPASSWD:ALL\n    groups: users, admin\n    home: /home/cloud-user\n    shell: /bin/bash\n    lock_passwd: false\n    ssh-authorized-keys:\n      - ssh-rsa AAAAB3NzaC1yc2EAAAADAQABAAABgQCqcOOjgs0Gqpkqtcnmvp7dgxicxi3qHX6Fz/3RDzREQFwCt0HumDs9I5D0Bx0NIGqcW78bHjsn1l9OFqIahD4SF9vNYya3chG4oR1NTDCHwVyLq9eaODmGF915BXensi/jW2qKQInCG8t2d+LyoE0xNq09TH2Hhkms+PmPIK3Nm7iP/0U7XqaiUx8sZmn/NciVeBDfjAICRTM6etYweSExd+yB5HJddd62kpexg4mLCzF1oaQScrD+V2rSxYyYU6dDBKQgkUYnrXFtYMaPZkw5YntFDCTVo4rRPF/bOjL6KBDmIWjKA7aFE/0FQ0KlW/88OKp8cW6QMCTADbzQza8GgX8fvFjWC5ufJ9z/K0v5vnigUGbueRfUmAjZP5BQPOXX40/2VycTnIcMpcifGuq3ZuqFMOvEcHscEDba+odHfb0aZrks9zoQBbFndUIZQjLigK7u5p1StNONKNaFTK1Q3AT+jRZqiSOdW5sUaXME66kkLDc4otXFZnwdjDG3rgE= jho@massmaster\nfinal_message: \"The system is finally up, after $UPTIME seconds\""
          },
          "sensitive_attributes": [],
          "private": "bnVsbA==",
          "dependencies": [
            "data.template_file.network_config",
            "data.template_file.user_data",
            "libvirt_pool.centos"
          ]
        }
      ]
    },
    {
      "mode": "managed",
      "type": "libvirt_domain",
      "name": "domain-centos",
      "provider": "provider[\"registry.terraform.io/dmacvicar/libvirt\"]",
      "instances": [
        {
          "schema_version": 0,
          "attributes": {
            "arch": "x86_64",
            "autostart": null,
            "boot_device": [],
            "cloudinit": "/opt/kvm/pool1/commoninit.iso;1830a51a-53b7-48ed-931f-99967e47d95a",
            "cmdline": [],
            "console": [
              {
                "source_host": "127.0.0.1",
                "source_path": "",
                "source_service": "0",
                "target_port": "0",
                "target_type": "serial",
                "type": "pty"
              },
              {
                "source_host": "127.0.0.1",
                "source_path": "",
                "source_service": "0",
                "target_port": "1",
                "target_type": "virtio",
                "type": "pty"
              }
            ],
            "coreos_ignition": null,
            "cpu": null,
            "description": "",
            "disk": [
              {
                "block_device": "",
                "file": "",
                "scsi": false,
                "url": "",
                "volume_id": "/opt/kvm/pool1/centos-qcow2",
                "wwn": ""
              }
            ],
            "emulator": "/usr/bin/qemu-system-x86_64",
            "filesystem": [],
            "firmware": "",
            "fw_cfg_name": "opt/com.coreos/config",
            "graphics": [
              {
                "autoport": true,
                "listen_address": "127.0.0.1",
                "listen_type": "address",
                "type": "spice"
              }
            ],
            "id": "67ecc05a-475c-4a13-9d55-00059d26320c",
            "initrd": "",
            "kernel": "",
            "machine": "pc",
            "memory": 8192,
            "metadata": null,
            "name": "terraform-kvm-centos",
            "network_interface": [
              {
                "addresses": [
                  "192.168.122.173"
                ],
                "bridge": "",
                "hostname": "terraform-kvm-centos",
                "mac": "52:54:00:D2:D0:B0",
                "macvtap": "",
                "network_id": "827b6b4a-e244-4380-af04-d25fef1df880",
                "network_name": "default",
                "passthrough": "",
                "vepa": "",
                "wait_for_lease": true
              }
            ],
            "nvram": [],
            "qemu_agent": false,
            "running": true,
            "timeouts": null,
            "vcpu": 8,
            "video": [],
            "xml": []
          },
          "sensitive_attributes": [],
          "private": "eyJlMmJmYjczMC1lY2FhLTExZTYtOGY4OC0zNDM2M2JjN2M0YzAiOnsiY3JlYXRlIjozMDAwMDAwMDAwMDB9fQ==",
          "dependencies": [
            "data.template_file.network_config",
            "data.template_file.user_data",
            "libvirt_cloudinit_disk.commoninit",
            "libvirt_pool.centos",
            "libvirt_volume.centos-qcow2"
          ]
        }
      ]
    },
    {
      "mode": "managed",
      "type": "libvirt_domain",
      "name": "domain-scl",
      "provider": "provider[\"registry.terraform.io/dmacvicar/libvirt\"]",
      "instances": [
        {
          "schema_version": 0,
          "attributes": {
            "arch": "x86_64",
            "autostart": null,
            "boot_device": [],
            "cloudinit": "/opt/kvm/pool1/commoninit.iso;1830a51a-53b7-48ed-931f-99967e47d95a",
            "cmdline": null,
            "console": [
              {
                "source_host": "127.0.0.1",
                "source_path": "",
                "source_service": "0",
                "target_port": "0",
                "target_type": "serial",
                "type": "pty"
              },
              {
                "source_host": "127.0.0.1",
                "source_path": "",
                "source_service": "0",
                "target_port": "1",
                "target_type": "virtio",
                "type": "pty"
              }
            ],
            "coreos_ignition": null,
            "cpu": null,
            "description": "",
            "disk": [
              {
                "block_device": "",
                "file": "",
                "scsi": false,
                "url": "",
                "volume_id": "/opt/kvm/pool1/centos8scl-qcow2",
                "wwn": ""
              }
            ],
            "emulator": "/usr/bin/qemu-system-x86_64",
            "filesystem": [],
            "firmware": "",
            "fw_cfg_name": "opt/com.coreos/config",
            "graphics": [
              {
                "autoport": true,
                "listen_address": "127.0.0.1",
                "listen_type": "address",
                "type": "spice"
              }
            ],
            "id": "d99dc2c7-276b-47f3-9a44-14927b7b0e7c",
            "initrd": "",
            "kernel": "",
            "machine": "pc",
            "memory": 8192,
            "metadata": null,
            "name": "centos8scl",
            "network_interface": [
              {
                "addresses": [
                  "192.168.122.150"
                ],
                "bridge": "",
                "hostname": "centos8scl",
                "mac": "52:54:00:92:3F:BD",
                "macvtap": "",
                "network_id": "827b6b4a-e244-4380-af04-d25fef1df880",
                "network_name": "default",
                "passthrough": "",
                "vepa": "",
                "wait_for_lease": true
              }
            ],
            "nvram": [],
            "qemu_agent": false,
            "running": true,
            "timeouts": null,
            "vcpu": 8,
            "video": [],
            "xml": []
          },
          "sensitive_attributes": [],
          "private": "eyJlMmJmYjczMC1lY2FhLTExZTYtOGY4OC0zNDM2M2JjN2M0YzAiOnsiY3JlYXRlIjozMDAwMDAwMDAwMDB9fQ==",
          "dependencies": [
            "libvirt_cloudinit_disk.commoninit",
            "libvirt_domain.domain-centos",
            "libvirt_volume.centos8scl-qcow2"
          ]
        }
      ]
    },
    {
      "mode": "managed",
      "type": "libvirt_pool",
      "name": "centos",
      "provider": "provider[\"registry.terraform.io/dmacvicar/libvirt\"]",
      "instances": [
        {
          "schema_version": 0,
          "attributes": {
            "allocation": 40530030592,
            "available": null,
            "capacity": 64393052160,
            "id": "27e28696-5bc2-4830-bd3a-fbd744170f29",
            "name": "centos",
            "path": "/opt/kvm/pool1",
            "type": "dir",
            "xml": []
          },
          "sensitive_attributes": [],
          "private": "bnVsbA=="
        }
      ]
    },
    {
      "mode": "managed",
      "type": "libvirt_volume",
      "name": "centos-qcow2",
      "provider": "provider[\"registry.terraform.io/dmacvicar/libvirt\"]",
      "instances": [
        {
          "schema_version": 0,
          "attributes": {
            "base_volume_id": null,
            "base_volume_name": null,
            "base_volume_pool": null,
            "format": "qcow2",
            "id": "/opt/kvm/pool1/centos-qcow2",
            "name": "centos-qcow2",
            "pool": "centos",
            "size": 10737418240,
            "source": "/home/jho/iso/CentOS-8-GenericCloud-8.4.2105-20210603.0.x86_64.qcow2",
            "xml": []
          },
          "sensitive_attributes": [],
          "private": "bnVsbA==",
          "dependencies": [
            "libvirt_pool.centos"
          ]
        }
      ]
    },
    {
      "mode": "managed",
      "type": "libvirt_volume",
      "name": "centos8scl-qcow2",
      "provider": "provider[\"registry.terraform.io/dmacvicar/libvirt\"]",
      "instances": [
        {
          "schema_version": 0,
          "attributes": {
            "base_volume_id": null,
            "base_volume_name": null,
            "base_volume_pool": null,
            "format": "qcow2",
            "id": "/opt/kvm/pool1/centos8scl-qcow2",
            "name": "centos8scl-qcow2",
            "pool": "centos",
            "size": 10737418240,
            "source": "/home/jho/iso/CentOS-8-GenericCloud-8.4.2105-20210603.0.x86_64.qcow2",
            "xml": []
          },
          "sensitive_attributes": [],
          "private": "bnVsbA==",
          "dependencies": [
            "libvirt_pool.centos"
          ]
        }
      ]
    }
  ]
}
